
Microsoft Visual Studio Solution File, Format Version 12.00
# Visual Studio 15
VisualStudioVersion = 15.0.27004.2008
MinimumVisualStudioVersion = 10.0.40219.1
Project("{9A19103F-16F7-4668-BE54-9A1E7A4F7556}") = "CQRSLite_Retrosheet.LoadGames", "CQRSLite_Retrosheet.LoadGames\CQRSLite_Retrosheet.LoadGames.csproj", "{12B209C5-DBB0-4223-926B-6560FC57E776}"
EndProject
Project("{9A19103F-16F7-4668-BE54-9A1E7A4F7556}") = "CQRSLite_Retrosheet.Domain", "CQRSLite_Retrosheet.Domain\CQRSLite_Retrosheet.Domain.csproj", "{FB03802C-30FB-4390-978D-57EF39A8245E}"
EndProject
Project("{FAE04EC0-301F-11D3-BF4B-00C04F79EFBC}") = "CQRSLite_Retrosheet.Web", "CQRSLite_Retrosheet.Web\CQRSLite_Retrosheet.Web.csproj", "{3D333465-C049-4DB0-B0EF-BDE8E10F6F43}"
EndProject
Global
	GlobalSection(SolutionConfigurationPlatforms) = preSolution
		Debug|Any CPU = Debug|Any CPU
		Release|Any CPU = Release|Any CPU
	EndGlobalSection
	GlobalSection(ProjectConfigurationPlatforms) = postSolution
		{12B209C5-DBB0-4223-926B-6560FC57E776}.Debug|Any CPU.ActiveCfg = Debug|Any CPU
		{12B209C5-DBB0-4223-926B-6560FC57E776}.Debug|Any CPU.Build.0 = Debug|Any CPU
		{12B209C5-DBB0-4223-926B-6560FC57E776}.Release|Any CPU.ActiveCfg = Release|Any CPU
		{12B209C5-DBB0-4223-926B-6560FC57E776}.Release|Any CPU.Build.0 = Release|Any CPU
		{FB03802C-30FB-4390-978D-57EF39A8245E}.Debug|Any CPU.ActiveCfg = Debug|Any CPU
		{FB03802C-30FB-4390-978D-57EF39A8245E}.Debug|Any CPU.Build.0 = Debug|Any CPU
		{FB03802C-30FB-4390-978D-57EF39A8245E}.Release|Any CPU.ActiveCfg = Release|Any CPU
		{FB03802C-30FB-4390-978D-57EF39A8245E}.Release|Any CPU.Build.0 = Release|Any CPU
		{3D333465-C049-4DB0-B0EF-BDE8E10F6F43}.Debug|Any CPU.ActiveCfg = Debug|Any CPU
		{3D333465-C049-4DB0-B0EF-BDE8E10F6F43}.Debug|Any CPU.Build.0 = Debug|Any CPU
		{3D333465-C049-4DB0-B0EF-BDE8E10F6F43}.Release|Any CPU.ActiveCfg = Release|Any CPU
		{3D333465-C049-4DB0-B0EF-BDE8E10F6F43}.Release|Any CPU.Build.0 = Release|Any CPU
	EndGlobalSection
	GlobalSection(SolutionProperties) = preSolution
		HideSolutionNode = FALSE
	EndGlobalSection
	GlobalSection(ExtensibilityGlobals) = postSolution
		SolutionGuid = {53AD800E-E883-42C4-9127-4631F598368D}
	EndGlobalSection
EndGlobal
